
Microsoft Visual Studio Solution File, Format Version 12.00
# Visual Studio 15
VisualStudioVersion = 15.0.27703.2000
MinimumVisualStudioVersion = 10.0.40219.1
Project("{FAE04EC0-301F-11D3-BF4B-00C04F79EFBC}") = "param12", "param12\param12.csproj", "{1A22DE81-5861-45D2-8610-9553231A8F2E}"
EndProject
Global
	GlobalSection(SolutionConfigurationPlatforms) = preSolution
		Debug|Any CPU = Debug|Any CPU
		Release|Any CPU = Release|Any CPU
	EndGlobalSection
	GlobalSection(ProjectConfigurationPlatforms) = postSolution
		{1A22DE81-5861-45D2-8610-9553231A8F2E}.Debug|Any CPU.ActiveCfg = Debug|Any CPU
		{1A22DE81-5861-45D2-8610-9553231A8F2E}.Debug|Any CPU.Build.0 = Debug|Any CPU
		{1A22DE81-5861-45D2-8610-9553231A8F2E}.Release|Any CPU.ActiveCfg = Release|Any CPU
		{1A22DE81-5861-45D2-8610-9553231A8F2E}.Release|Any CPU.Build.0 = Release|Any CPU
	EndGlobalSection
	GlobalSection(SolutionProperties) = preSolution
		HideSolutionNode = FALSE
	EndGlobalSection
	GlobalSection(ExtensibilityGlobals) = postSolution
		SolutionGuid = {7DE2CC84-9695-4B0A-85B0-BBA1735B906A}
	EndGlobalSection
EndGlobal
